
Microsoft Visual Studio Solution File, Format Version 12.00
# Visual Studio Version 17
VisualStudioVersion = 17.10.35027.167
MinimumVisualStudioVersion = 10.0.40219.1
Project("{FAE04EC0-301F-11D3-BF4B-00C04F79EFBC}") = "Where", "Where\Where.csproj", "{7880E152-67D4-4345-B8B1-57403A08FB2F}"
EndProject
Project("{FAE04EC0-301F-11D3-BF4B-00C04F79EFBC}") = "OfType", "OfType\OfType.csproj", "{76EBE8D2-4222-4C36-ACB6-7868593CF6F4}"
EndProject
Project("{FAE04EC0-301F-11D3-BF4B-00C04F79EFBC}") = "LabibExample", "LabibExample\LabibExample.csproj", "{29B548D9-79E8-4EE7-99C2-7D94FF995340}"
EndProject
Project("{2150E333-8FDC-42A3-9474-1A3956D46DE8}") = "Filtering", "Filtering", "{ACC14529-E335-46C5-A879-E230E4DA864E}"
EndProject
Project("{2150E333-8FDC-42A3-9474-1A3956D46DE8}") = "Partitioning", "Partitioning", "{E32B4179-43A8-4391-AAC6-1C0B50494120}"
EndProject
Project("{FAE04EC0-301F-11D3-BF4B-00C04F79EFBC}") = "Take", "Take\Take.csproj", "{0F4893B4-9411-44D1-9489-0283FB299ACE}"
EndProject
Project("{FAE04EC0-301F-11D3-BF4B-00C04F79EFBC}") = "Skip", "Skip\Skip.csproj", "{C3A115A9-9AFE-42F9-9667-31E831D45E8F}"
EndProject
Project("{FAE04EC0-301F-11D3-BF4B-00C04F79EFBC}") = "SkipLast", "SkipLast\SkipLast.csproj", "{44C601D2-0D80-4BF3-B6DE-E1FA14C25E1A}"
EndProject
Project("{FAE04EC0-301F-11D3-BF4B-00C04F79EFBC}") = "TakeLast", "TakeLast\TakeLast.csproj", "{DFEB20C0-26D9-4061-8C19-98C0755D1D20}"
EndProject
Project("{FAE04EC0-301F-11D3-BF4B-00C04F79EFBC}") = "TakeWhile", "TakeWhile\TakeWhile.csproj", "{4A7A2DA0-76A1-4B4C-A316-A27D7A1760EE}"
EndProject
Project("{FAE04EC0-301F-11D3-BF4B-00C04F79EFBC}") = "SkipWhile", "SkipWhile\SkipWhile.csproj", "{08D76F92-CAB2-4B06-907C-6D2615D4671A}"
EndProject
Project("{2150E333-8FDC-42A3-9474-1A3956D46DE8}") = "Projection", "Projection", "{AB223B32-F869-453E-881D-7FC534BA12A3}"
EndProject
Project("{FAE04EC0-301F-11D3-BF4B-00C04F79EFBC}") = "Select&SelectWithIndex", "Select&SelectWithIndex\Select&SelectWithIndex.csproj", "{38E0D25B-18B5-48B3-A209-1C8F589248EB}"
EndProject
Project("{FAE04EC0-301F-11D3-BF4B-00C04F79EFBC}") = "SelectMany", "SelectMany\SelectMany.csproj", "{8AF0B562-363F-47AD-81CB-9D1ADB3AFEA2}"
EndProject
Project("{FAE04EC0-301F-11D3-BF4B-00C04F79EFBC}") = "Cast", "Cast\Cast.csproj", "{62C79A14-FA1F-4326-A19E-1DE5032F4D33}"
EndProject
Project("{FAE04EC0-301F-11D3-BF4B-00C04F79EFBC}") = "Chunk", "Chunk\Chunk.csproj", "{A4AEA3CB-2FEC-437C-8C5A-6BA5B16299F3}"
EndProject
Project("{2150E333-8FDC-42A3-9474-1A3956D46DE8}") = "ExistenceOrQualityChecks", "ExistenceOrQualityChecks", "{7D8FFDCA-567F-42EE-AE64-3ED10AF99D76}"
EndProject
Project("{FAE04EC0-301F-11D3-BF4B-00C04F79EFBC}") = "Any", "Any\Any.csproj", "{8D041A4C-97A7-4FCA-8E31-BA9CFE6D6B4B}"
EndProject
Project("{FAE04EC0-301F-11D3-BF4B-00C04F79EFBC}") = "All", "All\All.csproj", "{668B49D9-C622-48D8-9B01-0E312E6CFA52}"
EndProject
Project("{FAE04EC0-301F-11D3-BF4B-00C04F79EFBC}") = "Contains", "Contains\Contains.csproj", "{098FC444-A37F-4861-AA2C-A668714EEAE3}"
EndProject
Project("{2150E333-8FDC-42A3-9474-1A3956D46DE8}") = "SequenceManipulation", "SequenceManipulation", "{DF47BA18-8556-4BE4-88F0-477E53559B33}"
EndProject
Project("{FAE04EC0-301F-11D3-BF4B-00C04F79EFBC}") = "Append", "Append\Append.csproj", "{67D0C708-61AD-4663-80F2-6EACD4613E98}"
EndProject
Project("{FAE04EC0-301F-11D3-BF4B-00C04F79EFBC}") = "Prepend", "Prepend\Prepend.csproj", "{28C76A79-34F2-475A-B84F-B8EFF3D5C184}"
EndProject
Project("{2150E333-8FDC-42A3-9474-1A3956D46DE8}") = "Aggregate", "Aggregate", "{D4E83372-D975-4672-AC9B-EBA210E8461E}"
EndProject
Project("{FAE04EC0-301F-11D3-BF4B-00C04F79EFBC}") = "Count", "Count\Count.csproj", "{93363B85-AE7E-4B89-A428-40BF1EF8927C}"
EndProject
Project("{FAE04EC0-301F-11D3-BF4B-00C04F79EFBC}") = "TryGetNonEnumeratedCount", "TryGetNonEnumeratedCount\TryGetNonEnumeratedCount.csproj", "{ECCB453E-6D13-4D4E-A659-C77AFE08F265}"
EndProject
Project("{FAE04EC0-301F-11D3-BF4B-00C04F79EFBC}") = "Max", "Max\Max.csproj", "{58FF8255-CD7C-4B05-A9C9-16054DE021D0}"
EndProject
Project("{FAE04EC0-301F-11D3-BF4B-00C04F79EFBC}") = "MaxBy", "MaxBy\MaxBy.csproj", "{8B6CC1D9-5F69-41FD-B8EE-8994086F61CE}"
EndProject
Project("{FAE04EC0-301F-11D3-BF4B-00C04F79EFBC}") = "Min", "Min\Min.csproj", "{BA0207EB-8577-41E8-A0DE-DDA8396C772E}"
EndProject
Project("{FAE04EC0-301F-11D3-BF4B-00C04F79EFBC}") = "MinBy", "MinBy\MinBy.csproj", "{6F4279C6-952B-49C4-B342-6C8AFC60AD11}"
EndProject
Project("{FAE04EC0-301F-11D3-BF4B-00C04F79EFBC}") = "Sum", "Sum\Sum.csproj", "{1E721D36-5DEB-4D99-AE19-074FA66E784B}"
EndProject
Project("{FAE04EC0-301F-11D3-BF4B-00C04F79EFBC}") = "Average", "Average\Average.csproj", "{6596364B-5BA2-4550-8881-B73CAE2F5B77}"
EndProject
Project("{FAE04EC0-301F-11D3-BF4B-00C04F79EFBC}") = "LongCount", "LongCount\LongCount.csproj", "{BDA8D8D6-53DD-4451-9163-BCB25B4F1FD8}"
EndProject
Project("{FAE04EC0-301F-11D3-BF4B-00C04F79EFBC}") = "Aggregate", "Aggregate\Aggregate.csproj", "{29ADF162-941E-4DA8-B38E-C459676A9EC3}"
EndProject
Project("{2150E333-8FDC-42A3-9474-1A3956D46DE8}") = "ElementOperators", "ElementOperators", "{16239E58-8305-4A67-B8BB-9C40CD4C6DB6}"
EndProject
Project("{FAE04EC0-301F-11D3-BF4B-00C04F79EFBC}") = "First", "First\First.csproj", "{A5334C3A-6733-47E7-AD7C-32D0DE40203F}"
EndProject
Project("{FAE04EC0-301F-11D3-BF4B-00C04F79EFBC}") = "FirstOrDefault", "FirstOrDefault\FirstOrDefault.csproj", "{2605A44F-3FF7-49B6-B5B2-D8B2C0E57061}"
EndProject
Project("{FAE04EC0-301F-11D3-BF4B-00C04F79EFBC}") = "Single&SingleOrDefault", "Single&SingleOrDefault\Single&SingleOrDefault.csproj", "{93177929-6D66-4CBD-B92E-E845E8E6ECF6}"
EndProject
Project("{FAE04EC0-301F-11D3-BF4B-00C04F79EFBC}") = "Last&LastOrDefault", "Last&LastOrDefault\Last&LastOrDefault.csproj", "{E24453BC-C6C9-4E97-A4B9-08F68193AA75}"
EndProject
Project("{FAE04EC0-301F-11D3-BF4B-00C04F79EFBC}") = "ElementAt&ElementAtOrDefault", "ElementAt&ElementAtOrDefault\ElementAt&ElementAtOrDefault.csproj", "{F13A5837-8806-4B27-A2A0-2B1A226037F9}"
EndProject
Project("{2150E333-8FDC-42A3-9474-1A3956D46DE8}") = "ConversionMethods", "ConversionMethods", "{0A54E640-DC44-4AFC-B231-25322F9860E0}"
EndProject
Project("{9A19103F-16F7-4668-BE54-9A1E7A4F7556}") = "ToDictionary", "ToDictionary\ToDictionary.csproj", "{492945F3-3714-4936-8A8A-0A2A8DE1C244}"
EndProject
Project("{9A19103F-16F7-4668-BE54-9A1E7A4F7556}") = "ToLookup()", "ToLookup()\ToLookup().csproj", "{C1BBE6ED-5EDD-4D62-AAC2-0C640CC6B1E0}"
EndProject
Project("{2150E333-8FDC-42A3-9474-1A3956D46DE8}") = "GenerationMethods", "GenerationMethods", "{A1C93022-B92C-4675-B727-7646A7895917}"
EndProject
Project("{9A19103F-16F7-4668-BE54-9A1E7A4F7556}") = "AsEnumerable&AsQueryable", "AsEnumerable&AsQueryable\AsEnumerable&AsQueryable.csproj", "{8F7BCA4D-25C3-4D86-B073-1A945F68B90D}"
EndProject
Project("{9A19103F-16F7-4668-BE54-9A1E7A4F7556}") = "Range", "Range\Range.csproj", "{928249DB-122C-46FD-9826-54E148CB268C}"
EndProject
Project("{9A19103F-16F7-4668-BE54-9A1E7A4F7556}") = "Repeat", "Repeat\Repeat.csproj", "{79E6AA37-ED82-4549-9842-C41FC6A97631}"
EndProject
Project("{9A19103F-16F7-4668-BE54-9A1E7A4F7556}") = "Empty", "Empty\Empty.csproj", "{1E327AB3-10A7-4310-888D-5DBC972AB15D}"
EndProject
Project("{2150E333-8FDC-42A3-9474-1A3956D46DE8}") = "SetOpertators", "SetOpertators", "{E04D381D-6CEC-4EC8-8E22-7D23C9BC16F6}"
EndProject
Project("{9A19103F-16F7-4668-BE54-9A1E7A4F7556}") = "Distinct", "Distinct\Distinct.csproj", "{C3B4F5AA-1EE1-4914-BB31-9727A686CF83}"
EndProject
Project("{9A19103F-16F7-4668-BE54-9A1E7A4F7556}") = "DistinctBy", "DistinctBy\DistinctBy.csproj", "{C801D993-84F7-4087-BFEF-06523C232A85}"
EndProject
Project("{FAE04EC0-301F-11D3-BF4B-00C04F79EFBC}") = "Union", "Union\Union.csproj", "{0B89F05B-0D11-429B-80B2-BDBD43464388}"
EndProject
Project("{FAE04EC0-301F-11D3-BF4B-00C04F79EFBC}") = "InterSect", "InterSect\InterSect.csproj", "{713896F1-86A9-4978-8315-6DB4E837FB15}"
EndProject
Project("{FAE04EC0-301F-11D3-BF4B-00C04F79EFBC}") = "Except", "Except\Except.csproj", "{4AD650D8-3E5A-43E8-B7D9-29A576888F6F}"
EndProject
Project("{FAE04EC0-301F-11D3-BF4B-00C04F79EFBC}") = "UnionBy", "UnionBy\UnionBy.csproj", "{A8A69000-9430-435E-8A1B-1BA85D333562}"
EndProject
Project("{FAE04EC0-301F-11D3-BF4B-00C04F79EFBC}") = "DefaultOrEmpty", "DefaultOrEmpty\DefaultOrEmpty.csproj", "{664DDE43-3DD2-48B4-AE0B-63D4BB3406A5}"
EndProject
Project("{2150E333-8FDC-42A3-9474-1A3956D46DE8}") = "Solution Items", "Solution Items", "{5C45D5BA-4EF6-4CF1-945E-B2E6516B1845}"
EndProject
Project("{FAE04EC0-301F-11D3-BF4B-00C04F79EFBC}") = "SequenceEqual", "SequenceEqual\SequenceEqual.csproj", "{9D99ABFB-4165-4BFF-875F-920CDA2BF076}"
EndProject
Project("{2150E333-8FDC-42A3-9474-1A3956D46DE8}") = "JoiningAndGrouping", "JoiningAndGrouping", "{A1784FB9-EADC-409C-95E0-8A047838A8BD}"
EndProject
Project("{FAE04EC0-301F-11D3-BF4B-00C04F79EFBC}") = "Zip", "Zip\Zip.csproj", "{F8B99535-B41E-45E7-B54A-0D9FCACA6C69}"
EndProject
Project("{FAE04EC0-301F-11D3-BF4B-00C04F79EFBC}") = "Join", "Join\Join.csproj", "{44B63C4B-1E51-4472-A9CF-10B90F2ED71A}"
EndProject
Project("{FAE04EC0-301F-11D3-BF4B-00C04F79EFBC}") = "GroupJoin", "GroupJoin\GroupJoin.csproj", "{A55574AD-1DCF-4D46-A269-F8C523255F7F}"
EndProject
Project("{FAE04EC0-301F-11D3-BF4B-00C04F79EFBC}") = "Concat", "Concat\Concat.csproj", "{A1365846-4443-4C99-8898-4D2AB822E812}"
EndProject
Project("{FAE04EC0-301F-11D3-BF4B-00C04F79EFBC}") = "GroupBy", "GroupBy\GroupBy.csproj", "{8B232CA9-7BC0-49B1-9A86-3E2A552F8652}"
EndProject
Global
	GlobalSection(SolutionConfigurationPlatforms) = preSolution
		Debug|Any CPU = Debug|Any CPU
		Release|Any CPU = Release|Any CPU
	EndGlobalSection
	GlobalSection(ProjectConfigurationPlatforms) = postSolution
		{7880E152-67D4-4345-B8B1-57403A08FB2F}.Debug|Any CPU.ActiveCfg = Debug|Any CPU
		{7880E152-67D4-4345-B8B1-57403A08FB2F}.Debug|Any CPU.Build.0 = Debug|Any CPU
		{7880E152-67D4-4345-B8B1-57403A08FB2F}.Release|Any CPU.ActiveCfg = Release|Any CPU
		{7880E152-67D4-4345-B8B1-57403A08FB2F}.Release|Any CPU.Build.0 = Release|Any CPU
		{76EBE8D2-4222-4C36-ACB6-7868593CF6F4}.Debug|Any CPU.ActiveCfg = Debug|Any CPU
		{76EBE8D2-4222-4C36-ACB6-7868593CF6F4}.Debug|Any CPU.Build.0 = Debug|Any CPU
		{76EBE8D2-4222-4C36-ACB6-7868593CF6F4}.Release|Any CPU.ActiveCfg = Release|Any CPU
		{76EBE8D2-4222-4C36-ACB6-7868593CF6F4}.Release|Any CPU.Build.0 = Release|Any CPU
		{29B548D9-79E8-4EE7-99C2-7D94FF995340}.Debug|Any CPU.ActiveCfg = Debug|Any CPU
		{29B548D9-79E8-4EE7-99C2-7D94FF995340}.Debug|Any CPU.Build.0 = Debug|Any CPU
		{29B548D9-79E8-4EE7-99C2-7D94FF995340}.Release|Any CPU.ActiveCfg = Release|Any CPU
		{29B548D9-79E8-4EE7-99C2-7D94FF995340}.Release|Any CPU.Build.0 = Release|Any CPU
		{0F4893B4-9411-44D1-9489-0283FB299ACE}.Debug|Any CPU.ActiveCfg = Debug|Any CPU
		{0F4893B4-9411-44D1-9489-0283FB299ACE}.Debug|Any CPU.Build.0 = Debug|Any CPU
		{0F4893B4-9411-44D1-9489-0283FB299ACE}.Release|Any CPU.ActiveCfg = Release|Any CPU
		{0F4893B4-9411-44D1-9489-0283FB299ACE}.Release|Any CPU.Build.0 = Release|Any CPU
		{C3A115A9-9AFE-42F9-9667-31E831D45E8F}.Debug|Any CPU.ActiveCfg = Debug|Any CPU
		{C3A115A9-9AFE-42F9-9667-31E831D45E8F}.Debug|Any CPU.Build.0 = Debug|Any CPU
		{C3A115A9-9AFE-42F9-9667-31E831D45E8F}.Release|Any CPU.ActiveCfg = Release|Any CPU
		{C3A115A9-9AFE-42F9-9667-31E831D45E8F}.Release|Any CPU.Build.0 = Release|Any CPU
		{44C601D2-0D80-4BF3-B6DE-E1FA14C25E1A}.Debug|Any CPU.ActiveCfg = Debug|Any CPU
		{44C601D2-0D80-4BF3-B6DE-E1FA14C25E1A}.Debug|Any CPU.Build.0 = Debug|Any CPU
		{44C601D2-0D80-4BF3-B6DE-E1FA14C25E1A}.Release|Any CPU.ActiveCfg = Release|Any CPU
		{44C601D2-0D80-4BF3-B6DE-E1FA14C25E1A}.Release|Any CPU.Build.0 = Release|Any CPU
		{DFEB20C0-26D9-4061-8C19-98C0755D1D20}.Debug|Any CPU.ActiveCfg = Debug|Any CPU
		{DFEB20C0-26D9-4061-8C19-98C0755D1D20}.Debug|Any CPU.Build.0 = Debug|Any CPU
		{DFEB20C0-26D9-4061-8C19-98C0755D1D20}.Release|Any CPU.ActiveCfg = Release|Any CPU
		{DFEB20C0-26D9-4061-8C19-98C0755D1D20}.Release|Any CPU.Build.0 = Release|Any CPU
		{4A7A2DA0-76A1-4B4C-A316-A27D7A1760EE}.Debug|Any CPU.ActiveCfg = Debug|Any CPU
		{4A7A2DA0-76A1-4B4C-A316-A27D7A1760EE}.Debug|Any CPU.Build.0 = Debug|Any CPU
		{4A7A2DA0-76A1-4B4C-A316-A27D7A1760EE}.Release|Any CPU.ActiveCfg = Release|Any CPU
		{4A7A2DA0-76A1-4B4C-A316-A27D7A1760EE}.Release|Any CPU.Build.0 = Release|Any CPU
		{08D76F92-CAB2-4B06-907C-6D2615D4671A}.Debug|Any CPU.ActiveCfg = Debug|Any CPU
		{08D76F92-CAB2-4B06-907C-6D2615D4671A}.Debug|Any CPU.Build.0 = Debug|Any CPU
		{08D76F92-CAB2-4B06-907C-6D2615D4671A}.Release|Any CPU.ActiveCfg = Release|Any CPU
		{08D76F92-CAB2-4B06-907C-6D2615D4671A}.Release|Any CPU.Build.0 = Release|Any CPU
		{38E0D25B-18B5-48B3-A209-1C8F589248EB}.Debug|Any CPU.ActiveCfg = Debug|Any CPU
		{38E0D25B-18B5-48B3-A209-1C8F589248EB}.Debug|Any CPU.Build.0 = Debug|Any CPU
		{38E0D25B-18B5-48B3-A209-1C8F589248EB}.Release|Any CPU.ActiveCfg = Release|Any CPU
		{38E0D25B-18B5-48B3-A209-1C8F589248EB}.Release|Any CPU.Build.0 = Release|Any CPU
		{8AF0B562-363F-47AD-81CB-9D1ADB3AFEA2}.Debug|Any CPU.ActiveCfg = Debug|Any CPU
		{8AF0B562-363F-47AD-81CB-9D1ADB3AFEA2}.Debug|Any CPU.Build.0 = Debug|Any CPU
		{8AF0B562-363F-47AD-81CB-9D1ADB3AFEA2}.Release|Any CPU.ActiveCfg = Release|Any CPU
		{8AF0B562-363F-47AD-81CB-9D1ADB3AFEA2}.Release|Any CPU.Build.0 = Release|Any CPU
		{62C79A14-FA1F-4326-A19E-1DE5032F4D33}.Debug|Any CPU.ActiveCfg = Debug|Any CPU
		{62C79A14-FA1F-4326-A19E-1DE5032F4D33}.Debug|Any CPU.Build.0 = Debug|Any CPU
		{62C79A14-FA1F-4326-A19E-1DE5032F4D33}.Release|Any CPU.ActiveCfg = Release|Any CPU
		{62C79A14-FA1F-4326-A19E-1DE5032F4D33}.Release|Any CPU.Build.0 = Release|Any CPU
		{A4AEA3CB-2FEC-437C-8C5A-6BA5B16299F3}.Debug|Any CPU.ActiveCfg = Debug|Any CPU
		{A4AEA3CB-2FEC-437C-8C5A-6BA5B16299F3}.Debug|Any CPU.Build.0 = Debug|Any CPU
		{A4AEA3CB-2FEC-437C-8C5A-6BA5B16299F3}.Release|Any CPU.ActiveCfg = Release|Any CPU
		{A4AEA3CB-2FEC-437C-8C5A-6BA5B16299F3}.Release|Any CPU.Build.0 = Release|Any CPU
		{8D041A4C-97A7-4FCA-8E31-BA9CFE6D6B4B}.Debug|Any CPU.ActiveCfg = Debug|Any CPU
		{8D041A4C-97A7-4FCA-8E31-BA9CFE6D6B4B}.Debug|Any CPU.Build.0 = Debug|Any CPU
		{8D041A4C-97A7-4FCA-8E31-BA9CFE6D6B4B}.Release|Any CPU.ActiveCfg = Release|Any CPU
		{8D041A4C-97A7-4FCA-8E31-BA9CFE6D6B4B}.Release|Any CPU.Build.0 = Release|Any CPU
		{668B49D9-C622-48D8-9B01-0E312E6CFA52}.Debug|Any CPU.ActiveCfg = Debug|Any CPU
		{668B49D9-C622-48D8-9B01-0E312E6CFA52}.Debug|Any CPU.Build.0 = Debug|Any CPU
		{668B49D9-C622-48D8-9B01-0E312E6CFA52}.Release|Any CPU.ActiveCfg = Release|Any CPU
		{668B49D9-C622-48D8-9B01-0E312E6CFA52}.Release|Any CPU.Build.0 = Release|Any CPU
		{098FC444-A37F-4861-AA2C-A668714EEAE3}.Debug|Any CPU.ActiveCfg = Debug|Any CPU
		{098FC444-A37F-4861-AA2C-A668714EEAE3}.Debug|Any CPU.Build.0 = Debug|Any CPU
		{098FC444-A37F-4861-AA2C-A668714EEAE3}.Release|Any CPU.ActiveCfg = Release|Any CPU
		{098FC444-A37F-4861-AA2C-A668714EEAE3}.Release|Any CPU.Build.0 = Release|Any CPU
		{67D0C708-61AD-4663-80F2-6EACD4613E98}.Debug|Any CPU.ActiveCfg = Debug|Any CPU
		{67D0C708-61AD-4663-80F2-6EACD4613E98}.Debug|Any CPU.Build.0 = Debug|Any CPU
		{67D0C708-61AD-4663-80F2-6EACD4613E98}.Release|Any CPU.ActiveCfg = Release|Any CPU
		{67D0C708-61AD-4663-80F2-6EACD4613E98}.Release|Any CPU.Build.0 = Release|Any CPU
		{28C76A79-34F2-475A-B84F-B8EFF3D5C184}.Debug|Any CPU.ActiveCfg = Debug|Any CPU
		{28C76A79-34F2-475A-B84F-B8EFF3D5C184}.Debug|Any CPU.Build.0 = Debug|Any CPU
		{28C76A79-34F2-475A-B84F-B8EFF3D5C184}.Release|Any CPU.ActiveCfg = Release|Any CPU
		{28C76A79-34F2-475A-B84F-B8EFF3D5C184}.Release|Any CPU.Build.0 = Release|Any CPU
		{93363B85-AE7E-4B89-A428-40BF1EF8927C}.Debug|Any CPU.ActiveCfg = Debug|Any CPU
		{93363B85-AE7E-4B89-A428-40BF1EF8927C}.Debug|Any CPU.Build.0 = Debug|Any CPU
		{93363B85-AE7E-4B89-A428-40BF1EF8927C}.Release|Any CPU.ActiveCfg = Release|Any CPU
		{93363B85-AE7E-4B89-A428-40BF1EF8927C}.Release|Any CPU.Build.0 = Release|Any CPU
		{ECCB453E-6D13-4D4E-A659-C77AFE08F265}.Debug|Any CPU.ActiveCfg = Debug|Any CPU
		{ECCB453E-6D13-4D4E-A659-C77AFE08F265}.Debug|Any CPU.Build.0 = Debug|Any CPU
		{ECCB453E-6D13-4D4E-A659-C77AFE08F265}.Release|Any CPU.ActiveCfg = Release|Any CPU
		{ECCB453E-6D13-4D4E-A659-C77AFE08F265}.Release|Any CPU.Build.0 = Release|Any CPU
		{58FF8255-CD7C-4B05-A9C9-16054DE021D0}.Debug|Any CPU.ActiveCfg = Debug|Any CPU
		{58FF8255-CD7C-4B05-A9C9-16054DE021D0}.Debug|Any CPU.Build.0 = Debug|Any CPU
		{58FF8255-CD7C-4B05-A9C9-16054DE021D0}.Release|Any CPU.ActiveCfg = Release|Any CPU
		{58FF8255-CD7C-4B05-A9C9-16054DE021D0}.Release|Any CPU.Build.0 = Release|Any CPU
		{8B6CC1D9-5F69-41FD-B8EE-8994086F61CE}.Debug|Any CPU.ActiveCfg = Debug|Any CPU
		{8B6CC1D9-5F69-41FD-B8EE-8994086F61CE}.Debug|Any CPU.Build.0 = Debug|Any CPU
		{8B6CC1D9-5F69-41FD-B8EE-8994086F61CE}.Release|Any CPU.ActiveCfg = Release|Any CPU
		{8B6CC1D9-5F69-41FD-B8EE-8994086F61CE}.Release|Any CPU.Build.0 = Release|Any CPU
		{BA0207EB-8577-41E8-A0DE-DDA8396C772E}.Debug|Any CPU.ActiveCfg = Debug|Any CPU
		{BA0207EB-8577-41E8-A0DE-DDA8396C772E}.Debug|Any CPU.Build.0 = Debug|Any CPU
		{BA0207EB-8577-41E8-A0DE-DDA8396C772E}.Release|Any CPU.ActiveCfg = Release|Any CPU
		{BA0207EB-8577-41E8-A0DE-DDA8396C772E}.Release|Any CPU.Build.0 = Release|Any CPU
		{6F4279C6-952B-49C4-B342-6C8AFC60AD11}.Debug|Any CPU.ActiveCfg = Debug|Any CPU
		{6F4279C6-952B-49C4-B342-6C8AFC60AD11}.Debug|Any CPU.Build.0 = Debug|Any CPU
		{6F4279C6-952B-49C4-B342-6C8AFC60AD11}.Release|Any CPU.ActiveCfg = Release|Any CPU
		{6F4279C6-952B-49C4-B342-6C8AFC60AD11}.Release|Any CPU.Build.0 = Release|Any CPU
		{1E721D36-5DEB-4D99-AE19-074FA66E784B}.Debug|Any CPU.ActiveCfg = Debug|Any CPU
		{1E721D36-5DEB-4D99-AE19-074FA66E784B}.Debug|Any CPU.Build.0 = Debug|Any CPU
		{1E721D36-5DEB-4D99-AE19-074FA66E784B}.Release|Any CPU.ActiveCfg = Release|Any CPU
		{1E721D36-5DEB-4D99-AE19-074FA66E784B}.Release|Any CPU.Build.0 = Release|Any CPU
		{6596364B-5BA2-4550-8881-B73CAE2F5B77}.Debug|Any CPU.ActiveCfg = Debug|Any CPU
		{6596364B-5BA2-4550-8881-B73CAE2F5B77}.Debug|Any CPU.Build.0 = Debug|Any CPU
		{6596364B-5BA2-4550-8881-B73CAE2F5B77}.Release|Any CPU.ActiveCfg = Release|Any CPU
		{6596364B-5BA2-4550-8881-B73CAE2F5B77}.Release|Any CPU.Build.0 = Release|Any CPU
		{BDA8D8D6-53DD-4451-9163-BCB25B4F1FD8}.Debug|Any CPU.ActiveCfg = Debug|Any CPU
		{BDA8D8D6-53DD-4451-9163-BCB25B4F1FD8}.Debug|Any CPU.Build.0 = Debug|Any CPU
		{BDA8D8D6-53DD-4451-9163-BCB25B4F1FD8}.Release|Any CPU.ActiveCfg = Release|Any CPU
		{BDA8D8D6-53DD-4451-9163-BCB25B4F1FD8}.Release|Any CPU.Build.0 = Release|Any CPU
		{29ADF162-941E-4DA8-B38E-C459676A9EC3}.Debug|Any CPU.ActiveCfg = Debug|Any CPU
		{29ADF162-941E-4DA8-B38E-C459676A9EC3}.Debug|Any CPU.Build.0 = Debug|Any CPU
		{29ADF162-941E-4DA8-B38E-C459676A9EC3}.Release|Any CPU.ActiveCfg = Release|Any CPU
		{29ADF162-941E-4DA8-B38E-C459676A9EC3}.Release|Any CPU.Build.0 = Release|Any CPU
		{A5334C3A-6733-47E7-AD7C-32D0DE40203F}.Debug|Any CPU.ActiveCfg = Debug|Any CPU
		{A5334C3A-6733-47E7-AD7C-32D0DE40203F}.Debug|Any CPU.Build.0 = Debug|Any CPU
		{A5334C3A-6733-47E7-AD7C-32D0DE40203F}.Release|Any CPU.ActiveCfg = Release|Any CPU
		{A5334C3A-6733-47E7-AD7C-32D0DE40203F}.Release|Any CPU.Build.0 = Release|Any CPU
		{2605A44F-3FF7-49B6-B5B2-D8B2C0E57061}.Debug|Any CPU.ActiveCfg = Debug|Any CPU
		{2605A44F-3FF7-49B6-B5B2-D8B2C0E57061}.Debug|Any CPU.Build.0 = Debug|Any CPU
		{2605A44F-3FF7-49B6-B5B2-D8B2C0E57061}.Release|Any CPU.ActiveCfg = Release|Any CPU
		{2605A44F-3FF7-49B6-B5B2-D8B2C0E57061}.Release|Any CPU.Build.0 = Release|Any CPU
		{93177929-6D66-4CBD-B92E-E845E8E6ECF6}.Debug|Any CPU.ActiveCfg = Debug|Any CPU
		{93177929-6D66-4CBD-B92E-E845E8E6ECF6}.Debug|Any CPU.Build.0 = Debug|Any CPU
		{93177929-6D66-4CBD-B92E-E845E8E6ECF6}.Release|Any CPU.ActiveCfg = Release|Any CPU
		{93177929-6D66-4CBD-B92E-E845E8E6ECF6}.Release|Any CPU.Build.0 = Release|Any CPU
		{E24453BC-C6C9-4E97-A4B9-08F68193AA75}.Debug|Any CPU.ActiveCfg = Debug|Any CPU
		{E24453BC-C6C9-4E97-A4B9-08F68193AA75}.Debug|Any CPU.Build.0 = Debug|Any CPU
		{E24453BC-C6C9-4E97-A4B9-08F68193AA75}.Release|Any CPU.ActiveCfg = Release|Any CPU
		{E24453BC-C6C9-4E97-A4B9-08F68193AA75}.Release|Any CPU.Build.0 = Release|Any CPU
		{F13A5837-8806-4B27-A2A0-2B1A226037F9}.Debug|Any CPU.ActiveCfg = Debug|Any CPU
		{F13A5837-8806-4B27-A2A0-2B1A226037F9}.Debug|Any CPU.Build.0 = Debug|Any CPU
		{F13A5837-8806-4B27-A2A0-2B1A226037F9}.Release|Any CPU.ActiveCfg = Release|Any CPU
		{F13A5837-8806-4B27-A2A0-2B1A226037F9}.Release|Any CPU.Build.0 = Release|Any CPU
		{492945F3-3714-4936-8A8A-0A2A8DE1C244}.Debug|Any CPU.ActiveCfg = Debug|Any CPU
		{492945F3-3714-4936-8A8A-0A2A8DE1C244}.Debug|Any CPU.Build.0 = Debug|Any CPU
		{492945F3-3714-4936-8A8A-0A2A8DE1C244}.Release|Any CPU.ActiveCfg = Release|Any CPU
		{492945F3-3714-4936-8A8A-0A2A8DE1C244}.Release|Any CPU.Build.0 = Release|Any CPU
		{C1BBE6ED-5EDD-4D62-AAC2-0C640CC6B1E0}.Debug|Any CPU.ActiveCfg = Debug|Any CPU
		{C1BBE6ED-5EDD-4D62-AAC2-0C640CC6B1E0}.Debug|Any CPU.Build.0 = Debug|Any CPU
		{C1BBE6ED-5EDD-4D62-AAC2-0C640CC6B1E0}.Release|Any CPU.ActiveCfg = Release|Any CPU
		{C1BBE6ED-5EDD-4D62-AAC2-0C640CC6B1E0}.Release|Any CPU.Build.0 = Release|Any CPU
		{8F7BCA4D-25C3-4D86-B073-1A945F68B90D}.Debug|Any CPU.ActiveCfg = Debug|Any CPU
		{8F7BCA4D-25C3-4D86-B073-1A945F68B90D}.Debug|Any CPU.Build.0 = Debug|Any CPU
		{8F7BCA4D-25C3-4D86-B073-1A945F68B90D}.Release|Any CPU.ActiveCfg = Release|Any CPU
		{8F7BCA4D-25C3-4D86-B073-1A945F68B90D}.Release|Any CPU.Build.0 = Release|Any CPU
		{928249DB-122C-46FD-9826-54E148CB268C}.Debug|Any CPU.ActiveCfg = Debug|Any CPU
		{928249DB-122C-46FD-9826-54E148CB268C}.Debug|Any CPU.Build.0 = Debug|Any CPU
		{928249DB-122C-46FD-9826-54E148CB268C}.Release|Any CPU.ActiveCfg = Release|Any CPU
		{928249DB-122C-46FD-9826-54E148CB268C}.Release|Any CPU.Build.0 = Release|Any CPU
		{79E6AA37-ED82-4549-9842-C41FC6A97631}.Debug|Any CPU.ActiveCfg = Debug|Any CPU
		{79E6AA37-ED82-4549-9842-C41FC6A97631}.Debug|Any CPU.Build.0 = Debug|Any CPU
		{79E6AA37-ED82-4549-9842-C41FC6A97631}.Release|Any CPU.ActiveCfg = Release|Any CPU
		{79E6AA37-ED82-4549-9842-C41FC6A97631}.Release|Any CPU.Build.0 = Release|Any CPU
		{1E327AB3-10A7-4310-888D-5DBC972AB15D}.Debug|Any CPU.ActiveCfg = Debug|Any CPU
		{1E327AB3-10A7-4310-888D-5DBC972AB15D}.Debug|Any CPU.Build.0 = Debug|Any CPU
		{1E327AB3-10A7-4310-888D-5DBC972AB15D}.Release|Any CPU.ActiveCfg = Release|Any CPU
		{1E327AB3-10A7-4310-888D-5DBC972AB15D}.Release|Any CPU.Build.0 = Release|Any CPU
		{C3B4F5AA-1EE1-4914-BB31-9727A686CF83}.Debug|Any CPU.ActiveCfg = Debug|Any CPU
		{C3B4F5AA-1EE1-4914-BB31-9727A686CF83}.Debug|Any CPU.Build.0 = Debug|Any CPU
		{C3B4F5AA-1EE1-4914-BB31-9727A686CF83}.Release|Any CPU.ActiveCfg = Release|Any CPU
		{C3B4F5AA-1EE1-4914-BB31-9727A686CF83}.Release|Any CPU.Build.0 = Release|Any CPU
		{C801D993-84F7-4087-BFEF-06523C232A85}.Debug|Any CPU.ActiveCfg = Debug|Any CPU
		{C801D993-84F7-4087-BFEF-06523C232A85}.Debug|Any CPU.Build.0 = Debug|Any CPU
		{C801D993-84F7-4087-BFEF-06523C232A85}.Release|Any CPU.ActiveCfg = Release|Any CPU
		{C801D993-84F7-4087-BFEF-06523C232A85}.Release|Any CPU.Build.0 = Release|Any CPU
		{0B89F05B-0D11-429B-80B2-BDBD43464388}.Debug|Any CPU.ActiveCfg = Debug|Any CPU
		{0B89F05B-0D11-429B-80B2-BDBD43464388}.Debug|Any CPU.Build.0 = Debug|Any CPU
		{0B89F05B-0D11-429B-80B2-BDBD43464388}.Release|Any CPU.ActiveCfg = Release|Any CPU
		{0B89F05B-0D11-429B-80B2-BDBD43464388}.Release|Any CPU.Build.0 = Release|Any CPU
		{713896F1-86A9-4978-8315-6DB4E837FB15}.Debug|Any CPU.ActiveCfg = Debug|Any CPU
		{713896F1-86A9-4978-8315-6DB4E837FB15}.Debug|Any CPU.Build.0 = Debug|Any CPU
		{713896F1-86A9-4978-8315-6DB4E837FB15}.Release|Any CPU.ActiveCfg = Release|Any CPU
		{713896F1-86A9-4978-8315-6DB4E837FB15}.Release|Any CPU.Build.0 = Release|Any CPU
		{4AD650D8-3E5A-43E8-B7D9-29A576888F6F}.Debug|Any CPU.ActiveCfg = Debug|Any CPU
		{4AD650D8-3E5A-43E8-B7D9-29A576888F6F}.Debug|Any CPU.Build.0 = Debug|Any CPU
		{4AD650D8-3E5A-43E8-B7D9-29A576888F6F}.Release|Any CPU.ActiveCfg = Release|Any CPU
		{4AD650D8-3E5A-43E8-B7D9-29A576888F6F}.Release|Any CPU.Build.0 = Release|Any CPU
		{A8A69000-9430-435E-8A1B-1BA85D333562}.Debug|Any CPU.ActiveCfg = Debug|Any CPU
		{A8A69000-9430-435E-8A1B-1BA85D333562}.Debug|Any CPU.Build.0 = Debug|Any CPU
		{A8A69000-9430-435E-8A1B-1BA85D333562}.Release|Any CPU.ActiveCfg = Release|Any CPU
		{A8A69000-9430-435E-8A1B-1BA85D333562}.Release|Any CPU.Build.0 = Release|Any CPU
		{664DDE43-3DD2-48B4-AE0B-63D4BB3406A5}.Debug|Any CPU.ActiveCfg = Debug|Any CPU
		{664DDE43-3DD2-48B4-AE0B-63D4BB3406A5}.Debug|Any CPU.Build.0 = Debug|Any CPU
		{664DDE43-3DD2-48B4-AE0B-63D4BB3406A5}.Release|Any CPU.ActiveCfg = Release|Any CPU
		{664DDE43-3DD2-48B4-AE0B-63D4BB3406A5}.Release|Any CPU.Build.0 = Release|Any CPU
		{9D99ABFB-4165-4BFF-875F-920CDA2BF076}.Debug|Any CPU.ActiveCfg = Debug|Any CPU
		{9D99ABFB-4165-4BFF-875F-920CDA2BF076}.Debug|Any CPU.Build.0 = Debug|Any CPU
		{9D99ABFB-4165-4BFF-875F-920CDA2BF076}.Release|Any CPU.ActiveCfg = Release|Any CPU
		{9D99ABFB-4165-4BFF-875F-920CDA2BF076}.Release|Any CPU.Build.0 = Release|Any CPU
		{F8B99535-B41E-45E7-B54A-0D9FCACA6C69}.Debug|Any CPU.ActiveCfg = Debug|Any CPU
		{F8B99535-B41E-45E7-B54A-0D9FCACA6C69}.Debug|Any CPU.Build.0 = Debug|Any CPU
		{F8B99535-B41E-45E7-B54A-0D9FCACA6C69}.Release|Any CPU.ActiveCfg = Release|Any CPU
		{F8B99535-B41E-45E7-B54A-0D9FCACA6C69}.Release|Any CPU.Build.0 = Release|Any CPU
		{44B63C4B-1E51-4472-A9CF-10B90F2ED71A}.Debug|Any CPU.ActiveCfg = Debug|Any CPU
		{44B63C4B-1E51-4472-A9CF-10B90F2ED71A}.Debug|Any CPU.Build.0 = Debug|Any CPU
		{44B63C4B-1E51-4472-A9CF-10B90F2ED71A}.Release|Any CPU.ActiveCfg = Release|Any CPU
		{44B63C4B-1E51-4472-A9CF-10B90F2ED71A}.Release|Any CPU.Build.0 = Release|Any CPU
		{A55574AD-1DCF-4D46-A269-F8C523255F7F}.Debug|Any CPU.ActiveCfg = Debug|Any CPU
		{A55574AD-1DCF-4D46-A269-F8C523255F7F}.Debug|Any CPU.Build.0 = Debug|Any CPU
		{A55574AD-1DCF-4D46-A269-F8C523255F7F}.Release|Any CPU.ActiveCfg = Release|Any CPU
		{A55574AD-1DCF-4D46-A269-F8C523255F7F}.Release|Any CPU.Build.0 = Release|Any CPU
		{A1365846-4443-4C99-8898-4D2AB822E812}.Debug|Any CPU.ActiveCfg = Debug|Any CPU
		{A1365846-4443-4C99-8898-4D2AB822E812}.Debug|Any CPU.Build.0 = Debug|Any CPU
		{A1365846-4443-4C99-8898-4D2AB822E812}.Release|Any CPU.ActiveCfg = Release|Any CPU
		{A1365846-4443-4C99-8898-4D2AB822E812}.Release|Any CPU.Build.0 = Release|Any CPU
		{8B232CA9-7BC0-49B1-9A86-3E2A552F8652}.Debug|Any CPU.ActiveCfg = Debug|Any CPU
		{8B232CA9-7BC0-49B1-9A86-3E2A552F8652}.Debug|Any CPU.Build.0 = Debug|Any CPU
		{8B232CA9-7BC0-49B1-9A86-3E2A552F8652}.Release|Any CPU.ActiveCfg = Release|Any CPU
		{8B232CA9-7BC0-49B1-9A86-3E2A552F8652}.Release|Any CPU.Build.0 = Release|Any CPU
	EndGlobalSection
	GlobalSection(SolutionProperties) = preSolution
		HideSolutionNode = FALSE
	EndGlobalSection
	GlobalSection(NestedProjects) = preSolution
		{7880E152-67D4-4345-B8B1-57403A08FB2F} = {ACC14529-E335-46C5-A879-E230E4DA864E}
		{76EBE8D2-4222-4C36-ACB6-7868593CF6F4} = {ACC14529-E335-46C5-A879-E230E4DA864E}
		{0F4893B4-9411-44D1-9489-0283FB299ACE} = {E32B4179-43A8-4391-AAC6-1C0B50494120}
		{C3A115A9-9AFE-42F9-9667-31E831D45E8F} = {E32B4179-43A8-4391-AAC6-1C0B50494120}
		{44C601D2-0D80-4BF3-B6DE-E1FA14C25E1A} = {E32B4179-43A8-4391-AAC6-1C0B50494120}
		{DFEB20C0-26D9-4061-8C19-98C0755D1D20} = {E32B4179-43A8-4391-AAC6-1C0B50494120}
		{4A7A2DA0-76A1-4B4C-A316-A27D7A1760EE} = {E32B4179-43A8-4391-AAC6-1C0B50494120}
		{08D76F92-CAB2-4B06-907C-6D2615D4671A} = {E32B4179-43A8-4391-AAC6-1C0B50494120}
		{38E0D25B-18B5-48B3-A209-1C8F589248EB} = {AB223B32-F869-453E-881D-7FC534BA12A3}
		{8AF0B562-363F-47AD-81CB-9D1ADB3AFEA2} = {AB223B32-F869-453E-881D-7FC534BA12A3}
		{62C79A14-FA1F-4326-A19E-1DE5032F4D33} = {AB223B32-F869-453E-881D-7FC534BA12A3}
		{A4AEA3CB-2FEC-437C-8C5A-6BA5B16299F3} = {AB223B32-F869-453E-881D-7FC534BA12A3}
		{8D041A4C-97A7-4FCA-8E31-BA9CFE6D6B4B} = {7D8FFDCA-567F-42EE-AE64-3ED10AF99D76}
		{668B49D9-C622-48D8-9B01-0E312E6CFA52} = {7D8FFDCA-567F-42EE-AE64-3ED10AF99D76}
		{098FC444-A37F-4861-AA2C-A668714EEAE3} = {7D8FFDCA-567F-42EE-AE64-3ED10AF99D76}
		{67D0C708-61AD-4663-80F2-6EACD4613E98} = {DF47BA18-8556-4BE4-88F0-477E53559B33}
		{28C76A79-34F2-475A-B84F-B8EFF3D5C184} = {DF47BA18-8556-4BE4-88F0-477E53559B33}
		{93363B85-AE7E-4B89-A428-40BF1EF8927C} = {D4E83372-D975-4672-AC9B-EBA210E8461E}
		{ECCB453E-6D13-4D4E-A659-C77AFE08F265} = {D4E83372-D975-4672-AC9B-EBA210E8461E}
		{58FF8255-CD7C-4B05-A9C9-16054DE021D0} = {D4E83372-D975-4672-AC9B-EBA210E8461E}
		{8B6CC1D9-5F69-41FD-B8EE-8994086F61CE} = {D4E83372-D975-4672-AC9B-EBA210E8461E}
		{BA0207EB-8577-41E8-A0DE-DDA8396C772E} = {D4E83372-D975-4672-AC9B-EBA210E8461E}
		{6F4279C6-952B-49C4-B342-6C8AFC60AD11} = {D4E83372-D975-4672-AC9B-EBA210E8461E}
		{1E721D36-5DEB-4D99-AE19-074FA66E784B} = {D4E83372-D975-4672-AC9B-EBA210E8461E}
		{6596364B-5BA2-4550-8881-B73CAE2F5B77} = {D4E83372-D975-4672-AC9B-EBA210E8461E}
		{BDA8D8D6-53DD-4451-9163-BCB25B4F1FD8} = {D4E83372-D975-4672-AC9B-EBA210E8461E}
		{29ADF162-941E-4DA8-B38E-C459676A9EC3} = {D4E83372-D975-4672-AC9B-EBA210E8461E}
		{A5334C3A-6733-47E7-AD7C-32D0DE40203F} = {16239E58-8305-4A67-B8BB-9C40CD4C6DB6}
		{2605A44F-3FF7-49B6-B5B2-D8B2C0E57061} = {16239E58-8305-4A67-B8BB-9C40CD4C6DB6}
		{93177929-6D66-4CBD-B92E-E845E8E6ECF6} = {16239E58-8305-4A67-B8BB-9C40CD4C6DB6}
		{E24453BC-C6C9-4E97-A4B9-08F68193AA75} = {16239E58-8305-4A67-B8BB-9C40CD4C6DB6}
		{F13A5837-8806-4B27-A2A0-2B1A226037F9} = {16239E58-8305-4A67-B8BB-9C40CD4C6DB6}
		{492945F3-3714-4936-8A8A-0A2A8DE1C244} = {0A54E640-DC44-4AFC-B231-25322F9860E0}
		{C1BBE6ED-5EDD-4D62-AAC2-0C640CC6B1E0} = {0A54E640-DC44-4AFC-B231-25322F9860E0}
		{8F7BCA4D-25C3-4D86-B073-1A945F68B90D} = {A1C93022-B92C-4675-B727-7646A7895917}
		{928249DB-122C-46FD-9826-54E148CB268C} = {A1C93022-B92C-4675-B727-7646A7895917}
		{79E6AA37-ED82-4549-9842-C41FC6A97631} = {A1C93022-B92C-4675-B727-7646A7895917}
		{1E327AB3-10A7-4310-888D-5DBC972AB15D} = {A1C93022-B92C-4675-B727-7646A7895917}
		{C3B4F5AA-1EE1-4914-BB31-9727A686CF83} = {E04D381D-6CEC-4EC8-8E22-7D23C9BC16F6}
		{C801D993-84F7-4087-BFEF-06523C232A85} = {E04D381D-6CEC-4EC8-8E22-7D23C9BC16F6}
		{0B89F05B-0D11-429B-80B2-BDBD43464388} = {E04D381D-6CEC-4EC8-8E22-7D23C9BC16F6}
		{713896F1-86A9-4978-8315-6DB4E837FB15} = {E04D381D-6CEC-4EC8-8E22-7D23C9BC16F6}
		{4AD650D8-3E5A-43E8-B7D9-29A576888F6F} = {E04D381D-6CEC-4EC8-8E22-7D23C9BC16F6}
		{A8A69000-9430-435E-8A1B-1BA85D333562} = {E04D381D-6CEC-4EC8-8E22-7D23C9BC16F6}
		{664DDE43-3DD2-48B4-AE0B-63D4BB3406A5} = {16239E58-8305-4A67-B8BB-9C40CD4C6DB6}
		{5C45D5BA-4EF6-4CF1-945E-B2E6516B1845} = {E04D381D-6CEC-4EC8-8E22-7D23C9BC16F6}
		{9D99ABFB-4165-4BFF-875F-920CDA2BF076} = {5C45D5BA-4EF6-4CF1-945E-B2E6516B1845}
		{F8B99535-B41E-45E7-B54A-0D9FCACA6C69} = {A1784FB9-EADC-409C-95E0-8A047838A8BD}
		{44B63C4B-1E51-4472-A9CF-10B90F2ED71A} = {A1784FB9-EADC-409C-95E0-8A047838A8BD}
		{A55574AD-1DCF-4D46-A269-F8C523255F7F} = {A1784FB9-EADC-409C-95E0-8A047838A8BD}
		{A1365846-4443-4C99-8898-4D2AB822E812} = {A1784FB9-EADC-409C-95E0-8A047838A8BD}
		{8B232CA9-7BC0-49B1-9A86-3E2A552F8652} = {A1784FB9-EADC-409C-95E0-8A047838A8BD}
	EndGlobalSection
	GlobalSection(ExtensibilityGlobals) = postSolution
		SolutionGuid = {E41E3AA3-C186-4698-855B-1F7095E6EC0A}
	EndGlobalSection
EndGlobal
